
Microsoft Visual Studio Solution File, Format Version 12.00
# Visual Studio Version 16
VisualStudioVersion = 16.0.31702.278
MinimumVisualStudioVersion = 10.0.40219.1
Project("{FAE04EC0-301F-11D3-BF4B-00C04F79EFBC}") = "UWP-020", "Tank5\UWP-020.csproj", "{865113D9-9FE6-40B2-82B9-DAB1D26682F4}"
EndProject
Project("{FAE04EC0-301F-11D3-BF4B-00C04F79EFBC}") = "UWP-025", "UWP-025\UWP-025.csproj", "{C60A74EE-1774-43CB-B12F-4E3F42151E59}"
EndProject
Project("{FAE04EC0-301F-11D3-BF4B-00C04F79EFBC}") = "UWP-027", "UWP-027\UWP-027.csproj", "{C303F03E-1C55-4CFB-BDA4-F6E31CF7DE0D}"
EndProject
Project("{FAE04EC0-301F-11D3-BF4B-00C04F79EFBC}") = "UWP-028", "UWP-028\UWP-028.csproj", "{A2B87FA3-5A8B-4ECB-AC51-2AFC60C83192}"
EndProject
Project("{FAE04EC0-301F-11D3-BF4B-00C04F79EFBC}") = "UWP-029", "UWP-029\UWP-029.csproj", "{22A66A4D-3F34-4BE8-B1CC-A697C9D324E7}"
EndProject
Global
	GlobalSection(SolutionConfigurationPlatforms) = preSolution
		Debug|ARM = Debug|ARM
		Debug|ARM64 = Debug|ARM64
		Debug|x64 = Debug|x64
		Debug|x86 = Debug|x86
		Release|ARM = Release|ARM
		Release|ARM64 = Release|ARM64
		Release|x64 = Release|x64
		Release|x86 = Release|x86
	EndGlobalSection
	GlobalSection(ProjectConfigurationPlatforms) = postSolution
		{865113D9-9FE6-40B2-82B9-DAB1D26682F4}.Debug|ARM.ActiveCfg = Debug|ARM
		{865113D9-9FE6-40B2-82B9-DAB1D26682F4}.Debug|ARM.Build.0 = Debug|ARM
		{865113D9-9FE6-40B2-82B9-DAB1D26682F4}.Debug|ARM.Deploy.0 = Debug|ARM
		{865113D9-9FE6-40B2-82B9-DAB1D26682F4}.Debug|ARM64.ActiveCfg = Debug|ARM64
		{865113D9-9FE6-40B2-82B9-DAB1D26682F4}.Debug|ARM64.Build.0 = Debug|ARM64
		{865113D9-9FE6-40B2-82B9-DAB1D26682F4}.Debug|ARM64.Deploy.0 = Debug|ARM64
		{865113D9-9FE6-40B2-82B9-DAB1D26682F4}.Debug|x64.ActiveCfg = Debug|x64
		{865113D9-9FE6-40B2-82B9-DAB1D26682F4}.Debug|x64.Build.0 = Debug|x64
		{865113D9-9FE6-40B2-82B9-DAB1D26682F4}.Debug|x64.Deploy.0 = Debug|x64
		{865113D9-9FE6-40B2-82B9-DAB1D26682F4}.Debug|x86.ActiveCfg = Debug|x86
		{865113D9-9FE6-40B2-82B9-DAB1D26682F4}.Debug|x86.Build.0 = Debug|x86
		{865113D9-9FE6-40B2-82B9-DAB1D26682F4}.Debug|x86.Deploy.0 = Debug|x86
		{865113D9-9FE6-40B2-82B9-DAB1D26682F4}.Release|ARM.ActiveCfg = Release|ARM
		{865113D9-9FE6-40B2-82B9-DAB1D26682F4}.Release|ARM.Build.0 = Release|ARM
		{865113D9-9FE6-40B2-82B9-DAB1D26682F4}.Release|ARM.Deploy.0 = Release|ARM
		{865113D9-9FE6-40B2-82B9-DAB1D26682F4}.Release|ARM64.ActiveCfg = Release|ARM64
		{865113D9-9FE6-40B2-82B9-DAB1D26682F4}.Release|ARM64.Build.0 = Release|ARM64
		{865113D9-9FE6-40B2-82B9-DAB1D26682F4}.Release|ARM64.Deploy.0 = Release|ARM64
		{865113D9-9FE6-40B2-82B9-DAB1D26682F4}.Release|x64.ActiveCfg = Release|x64
		{865113D9-9FE6-40B2-82B9-DAB1D26682F4}.Release|x64.Build.0 = Release|x64
		{865113D9-9FE6-40B2-82B9-DAB1D26682F4}.Release|x64.Deploy.0 = Release|x64
		{865113D9-9FE6-40B2-82B9-DAB1D26682F4}.Release|x86.ActiveCfg = Release|x86
		{865113D9-9FE6-40B2-82B9-DAB1D26682F4}.Release|x86.Build.0 = Release|x86
		{865113D9-9FE6-40B2-82B9-DAB1D26682F4}.Release|x86.Deploy.0 = Release|x86
		{C60A74EE-1774-43CB-B12F-4E3F42151E59}.Debug|ARM.ActiveCfg = Debug|ARM
		{C60A74EE-1774-43CB-B12F-4E3F42151E59}.Debug|ARM.Build.0 = Debug|ARM
		{C60A74EE-1774-43CB-B12F-4E3F42151E59}.Debug|ARM.Deploy.0 = Debug|ARM
		{C60A74EE-1774-43CB-B12F-4E3F42151E59}.Debug|ARM64.ActiveCfg = Debug|ARM64
		{C60A74EE-1774-43CB-B12F-4E3F42151E59}.Debug|ARM64.Build.0 = Debug|ARM64
		{C60A74EE-1774-43CB-B12F-4E3F42151E59}.Debug|ARM64.Deploy.0 = Debug|ARM64
		{C60A74EE-1774-43CB-B12F-4E3F42151E59}.Debug|x64.ActiveCfg = Debug|x64
		{C60A74EE-1774-43CB-B12F-4E3F42151E59}.Debug|x64.Build.0 = Debug|x64
		{C60A74EE-1774-43CB-B12F-4E3F42151E59}.Debug|x64.Deploy.0 = Debug|x64
		{C60A74EE-1774-43CB-B12F-4E3F42151E59}.Debug|x86.ActiveCfg = Debug|x86
		{C60A74EE-1774-43CB-B12F-4E3F42151E59}.Debug|x86.Build.0 = Debug|x86
		{C60A74EE-1774-43CB-B12F-4E3F42151E59}.Debug|x86.Deploy.0 = Debug|x86
		{C60A74EE-1774-43CB-B12F-4E3F42151E59}.Release|ARM.ActiveCfg = Release|ARM
		{C60A74EE-1774-43CB-B12F-4E3F42151E59}.Release|ARM.Build.0 = Release|ARM
		{C60A74EE-1774-43CB-B12F-4E3F42151E59}.Release|ARM.Deploy.0 = Release|ARM
		{C60A74EE-1774-43CB-B12F-4E3F42151E59}.Release|ARM64.ActiveCfg = Release|ARM64
		{C60A74EE-1774-43CB-B12F-4E3F42151E59}.Release|ARM64.Build.0 = Release|ARM64
		{C60A74EE-1774-43CB-B12F-4E3F42151E59}.Release|ARM64.Deploy.0 = Release|ARM64
		{C60A74EE-1774-43CB-B12F-4E3F42151E59}.Release|x64.ActiveCfg = Release|x64
		{C60A74EE-1774-43CB-B12F-4E3F42151E59}.Release|x64.Build.0 = Release|x64
		{C60A74EE-1774-43CB-B12F-4E3F42151E59}.Release|x64.Deploy.0 = Release|x64
		{C60A74EE-1774-43CB-B12F-4E3F42151E59}.Release|x86.ActiveCfg = Release|x86
		{C60A74EE-1774-43CB-B12F-4E3F42151E59}.Release|x86.Build.0 = Release|x86
		{C60A74EE-1774-43CB-B12F-4E3F42151E59}.Release|x86.Deploy.0 = Release|x86
		{C303F03E-1C55-4CFB-BDA4-F6E31CF7DE0D}.Debug|ARM.ActiveCfg = Debug|ARM
		{C303F03E-1C55-4CFB-BDA4-F6E31CF7DE0D}.Debug|ARM.Build.0 = Debug|ARM
		{C303F03E-1C55-4CFB-BDA4-F6E31CF7DE0D}.Debug|ARM.Deploy.0 = Debug|ARM
		{C303F03E-1C55-4CFB-BDA4-F6E31CF7DE0D}.Debug|ARM64.ActiveCfg = Debug|ARM64
		{C303F03E-1C55-4CFB-BDA4-F6E31CF7DE0D}.Debug|ARM64.Build.0 = Debug|ARM64
		{C303F03E-1C55-4CFB-BDA4-F6E31CF7DE0D}.Debug|ARM64.Deploy.0 = Debug|ARM64
		{C303F03E-1C55-4CFB-BDA4-F6E31CF7DE0D}.Debug|x64.ActiveCfg = Debug|x64
		{C303F03E-1C55-4CFB-BDA4-F6E31CF7DE0D}.Debug|x64.Build.0 = Debug|x64
		{C303F03E-1C55-4CFB-BDA4-F6E31CF7DE0D}.Debug|x64.Deploy.0 = Debug|x64
		{C303F03E-1C55-4CFB-BDA4-F6E31CF7DE0D}.Debug|x86.ActiveCfg = Debug|x86
		{C303F03E-1C55-4CFB-BDA4-F6E31CF7DE0D}.Debug|x86.Build.0 = Debug|x86
		{C303F03E-1C55-4CFB-BDA4-F6E31CF7DE0D}.Debug|x86.Deploy.0 = Debug|x86
		{C303F03E-1C55-4CFB-BDA4-F6E31CF7DE0D}.Release|ARM.ActiveCfg = Release|ARM
		{C303F03E-1C55-4CFB-BDA4-F6E31CF7DE0D}.Release|ARM.Build.0 = Release|ARM
		{C303F03E-1C55-4CFB-BDA4-F6E31CF7DE0D}.Release|ARM.Deploy.0 = Release|ARM
		{C303F03E-1C55-4CFB-BDA4-F6E31CF7DE0D}.Release|ARM64.ActiveCfg = Release|ARM64
		{C303F03E-1C55-4CFB-BDA4-F6E31CF7DE0D}.Release|ARM64.Build.0 = Release|ARM64
		{C303F03E-1C55-4CFB-BDA4-F6E31CF7DE0D}.Release|ARM64.Deploy.0 = Release|ARM64
		{C303F03E-1C55-4CFB-BDA4-F6E31CF7DE0D}.Release|x64.ActiveCfg = Release|x64
		{C303F03E-1C55-4CFB-BDA4-F6E31CF7DE0D}.Release|x64.Build.0 = Release|x64
		{C303F03E-1C55-4CFB-BDA4-F6E31CF7DE0D}.Release|x64.Deploy.0 = Release|x64
		{C303F03E-1C55-4CFB-BDA4-F6E31CF7DE0D}.Release|x86.ActiveCfg = Release|x86
		{C303F03E-1C55-4CFB-BDA4-F6E31CF7DE0D}.Release|x86.Build.0 = Release|x86
		{C303F03E-1C55-4CFB-BDA4-F6E31CF7DE0D}.Release|x86.Deploy.0 = Release|x86
		{A2B87FA3-5A8B-4ECB-AC51-2AFC60C83192}.Debug|ARM.ActiveCfg = Debug|ARM
		{A2B87FA3-5A8B-4ECB-AC51-2AFC60C83192}.Debug|ARM.Build.0 = Debug|ARM
		{A2B87FA3-5A8B-4ECB-AC51-2AFC60C83192}.Debug|ARM.Deploy.0 = Debug|ARM
		{A2B87FA3-5A8B-4ECB-AC51-2AFC60C83192}.Debug|ARM64.ActiveCfg = Debug|ARM64
		{A2B87FA3-5A8B-4ECB-AC51-2AFC60C83192}.Debug|ARM64.Build.0 = Debug|ARM64
		{A2B87FA3-5A8B-4ECB-AC51-2AFC60C83192}.Debug|ARM64.Deploy.0 = Debug|ARM64
		{A2B87FA3-5A8B-4ECB-AC51-2AFC60C83192}.Debug|x64.ActiveCfg = Debug|x64
		{A2B87FA3-5A8B-4ECB-AC51-2AFC60C83192}.Debug|x64.Build.0 = Debug|x64
		{A2B87FA3-5A8B-4ECB-AC51-2AFC60C83192}.Debug|x64.Deploy.0 = Debug|x64
		{A2B87FA3-5A8B-4ECB-AC51-2AFC60C83192}.Debug|x86.ActiveCfg = Debug|x86
		{A2B87FA3-5A8B-4ECB-AC51-2AFC60C83192}.Debug|x86.Build.0 = Debug|x86
		{A2B87FA3-5A8B-4ECB-AC51-2AFC60C83192}.Debug|x86.Deploy.0 = Debug|x86
		{A2B87FA3-5A8B-4ECB-AC51-2AFC60C83192}.Release|ARM.ActiveCfg = Release|ARM
		{A2B87FA3-5A8B-4ECB-AC51-2AFC60C83192}.Release|ARM.Build.0 = Release|ARM
		{A2B87FA3-5A8B-4ECB-AC51-2AFC60C83192}.Release|ARM.Deploy.0 = Release|ARM
		{A2B87FA3-5A8B-4ECB-AC51-2AFC60C83192}.Release|ARM64.ActiveCfg = Release|ARM64
		{A2B87FA3-5A8B-4ECB-AC51-2AFC60C83192}.Release|ARM64.Build.0 = Release|ARM64
		{A2B87FA3-5A8B-4ECB-AC51-2AFC60C83192}.Release|ARM64.Deploy.0 = Release|ARM64
		{A2B87FA3-5A8B-4ECB-AC51-2AFC60C83192}.Release|x64.ActiveCfg = Release|x64
		{A2B87FA3-5A8B-4ECB-AC51-2AFC60C83192}.Release|x64.Build.0 = Release|x64
		{A2B87FA3-5A8B-4ECB-AC51-2AFC60C83192}.Release|x64.Deploy.0 = Release|x64
		{A2B87FA3-5A8B-4ECB-AC51-2AFC60C83192}.Release|x86.ActiveCfg = Release|x86
		{A2B87FA3-5A8B-4ECB-AC51-2AFC60C83192}.Release|x86.Build.0 = Release|x86
		{A2B87FA3-5A8B-4ECB-AC51-2AFC60C83192}.Release|x86.Deploy.0 = Release|x86
		{22A66A4D-3F34-4BE8-B1CC-A697C9D324E7}.Debug|ARM.ActiveCfg = Debug|ARM
		{22A66A4D-3F34-4BE8-B1CC-A697C9D324E7}.Debug|ARM.Build.0 = Debug|ARM
		{22A66A4D-3F34-4BE8-B1CC-A697C9D324E7}.Debug|ARM.Deploy.0 = Debug|ARM
		{22A66A4D-3F34-4BE8-B1CC-A697C9D324E7}.Debug|ARM64.ActiveCfg = Debug|ARM64
		{22A66A4D-3F34-4BE8-B1CC-A697C9D324E7}.Debug|ARM64.Build.0 = Debug|ARM64
		{22A66A4D-3F34-4BE8-B1CC-A697C9D324E7}.Debug|ARM64.Deploy.0 = Debug|ARM64
		{22A66A4D-3F34-4BE8-B1CC-A697C9D324E7}.Debug|x64.ActiveCfg = Debug|x64
		{22A66A4D-3F34-4BE8-B1CC-A697C9D324E7}.Debug|x64.Build.0 = Debug|x64
		{22A66A4D-3F34-4BE8-B1CC-A697C9D324E7}.Debug|x64.Deploy.0 = Debug|x64
		{22A66A4D-3F34-4BE8-B1CC-A697C9D324E7}.Debug|x86.ActiveCfg = Debug|x86
		{22A66A4D-3F34-4BE8-B1CC-A697C9D324E7}.Debug|x86.Build.0 = Debug|x86
		{22A66A4D-3F34-4BE8-B1CC-A697C9D324E7}.Debug|x86.Deploy.0 = Debug|x86
		{22A66A4D-3F34-4BE8-B1CC-A697C9D324E7}.Release|ARM.ActiveCfg = Release|ARM
		{22A66A4D-3F34-4BE8-B1CC-A697C9D324E7}.Release|ARM.Build.0 = Release|ARM
		{22A66A4D-3F34-4BE8-B1CC-A697C9D324E7}.Release|ARM.Deploy.0 = Release|ARM
		{22A66A4D-3F34-4BE8-B1CC-A697C9D324E7}.Release|ARM64.ActiveCfg = Release|ARM64
		{22A66A4D-3F34-4BE8-B1CC-A697C9D324E7}.Release|ARM64.Build.0 = Release|ARM64
		{22A66A4D-3F34-4BE8-B1CC-A697C9D324E7}.Release|ARM64.Deploy.0 = Release|ARM64
		{22A66A4D-3F34-4BE8-B1CC-A697C9D324E7}.Release|x64.ActiveCfg = Release|x64
		{22A66A4D-3F34-4BE8-B1CC-A697C9D324E7}.Release|x64.Build.0 = Release|x64
		{22A66A4D-3F34-4BE8-B1CC-A697C9D324E7}.Release|x64.Deploy.0 = Release|x64
		{22A66A4D-3F34-4BE8-B1CC-A697C9D324E7}.Release|x86.ActiveCfg = Release|x86
		{22A66A4D-3F34-4BE8-B1CC-A697C9D324E7}.Release|x86.Build.0 = Release|x86
		{22A66A4D-3F34-4BE8-B1CC-A697C9D324E7}.Release|x86.Deploy.0 = Release|x86
	EndGlobalSection
	GlobalSection(SolutionProperties) = preSolution
		HideSolutionNode = FALSE
	EndGlobalSection
	GlobalSection(ExtensibilityGlobals) = postSolution
		SolutionGuid = {0945FB9C-802D-4A7C-AC34-80AFC7D28945}
	EndGlobalSection
EndGlobal
